
Microsoft Visual Studio Solution File, Format Version 12.00
# Visual Studio Version 17
VisualStudioVersion = 17.0.31903.59
MinimumVisualStudioVersion = 10.0.40219.1
Project("{2150E333-8FDC-42A3-9474-1A3956D46DE8}") = "Services", "Services", "{F489DF8A-0595-4CD7-96C5-E93086FB2244}"
EndProject
Project("{2150E333-8FDC-42A3-9474-1A3956D46DE8}") = "Catalog", "Catalog", "{D9BE8BD6-1267-4833-BF51-5366ED4DF896}"
EndProject
Project("{FAE04EC0-301F-11D3-BF4B-00C04F79EFBC}") = "Catalog.API", "Services\Catalog\Catalog.API\Catalog.API.csproj", "{7D42CD33-5E69-47D8-A66B-3FF26701B378}"
EndProject
Project("{2150E333-8FDC-42A3-9474-1A3956D46DE8}") = "BuildingBlocks", "BuildingBlocks", "{5D2874E6-91EC-497E-A823-B94BDFD3CC16}"
EndProject
Project("{FAE04EC0-301F-11D3-BF4B-00C04F79EFBC}") = "BuildingBlocks", "BuildingBlocks\BuildingBlocks\BuildingBlocks.csproj", "{81D1686B-709A-46B3-B373-A630A59DC54B}"
EndProject
Project("{2150E333-8FDC-42A3-9474-1A3956D46DE8}") = "Basket", "Basket", "{8C5B47A6-BB6E-4DF0-9938-333FE3069F35}"
EndProject
Project("{FAE04EC0-301F-11D3-BF4B-00C04F79EFBC}") = "Basket.API", "Services\Basket\Basket.API\Basket.API.csproj", "{82D098EE-4D85-410B-91ED-63A5F5B21698}"
EndProject
Project("{2150E333-8FDC-42A3-9474-1A3956D46DE8}") = "Discount", "Discount", "{A0B7B354-9DB3-6B75-0958-F1624C4626A5}"
EndProject
Project("{FAE04EC0-301F-11D3-BF4B-00C04F79EFBC}") = "Discount.Grpc", "Services\Discount\Discount.Grpc\Discount.Grpc.csproj", "{4DC32CCE-035D-40EF-BE53-30C0F24511ED}"
EndProject
Project("{2150E333-8FDC-42A3-9474-1A3956D46DE8}") = "Ordering", "Ordering", "{D3943590-12F4-894B-D5FB-009A31D043AE}"
EndProject
Project("{FAE04EC0-301F-11D3-BF4B-00C04F79EFBC}") = "Ordering.API", "Services\Ordering\Ordering.API\Ordering.API.csproj", "{B360A12A-6C77-45D0-A06B-021FF35C0456}"
EndProject
Project("{FAE04EC0-301F-11D3-BF4B-00C04F79EFBC}") = "Ordering.Application", "Services\Ordering\Ordering.Application\Ordering.Application.csproj", "{8A80E6CB-3AA7-4D08-ADF7-BA3252639F5C}"
EndProject
Project("{FAE04EC0-301F-11D3-BF4B-00C04F79EFBC}") = "Ordering.Domain", "Services\Ordering\Ordering.Domain\Ordering.Domain.csproj", "{A7FA95DE-412D-449B-A7ED-6C54E882F357}"
EndProject
Project("{FAE04EC0-301F-11D3-BF4B-00C04F79EFBC}") = "Ordering.Infrastructure", "Services\Ordering\Ordering.Infrastructure\Ordering.Infrastructure.csproj", "{D71C1C44-4CB6-4297-9A24-D696F890C7BE}"
EndProject
Project("{FAE04EC0-301F-11D3-BF4B-00C04F79EFBC}") = "BuildingBlocks.Messaging", "BuildingBlocks\BuildingBlocks.Messaging\BuildingBlocks.Messaging.csproj", "{51957AF1-8514-42E4-AC4F-0EE957DA4C9F}"
EndProject
Project("{2150E333-8FDC-42A3-9474-1A3956D46DE8}") = "ApiGateways", "ApiGateways", "{63C16073-564C-48D8-AEBE-EDC0478F0D47}"
EndProject
Project("{FAE04EC0-301F-11D3-BF4B-00C04F79EFBC}") = "YarpApiGateway", "ApiGateways\YarpApiGateway\YarpApiGateway.csproj", "{0E2552FD-0562-4E76-8307-C78683FCDCA8}"
EndProject
Global
	GlobalSection(SolutionConfigurationPlatforms) = preSolution
		Debug|Any CPU = Debug|Any CPU
		Debug|x64 = Debug|x64
		Debug|x86 = Debug|x86
		Release|Any CPU = Release|Any CPU
		Release|x64 = Release|x64
		Release|x86 = Release|x86
	EndGlobalSection
	GlobalSection(ProjectConfigurationPlatforms) = postSolution
		{7D42CD33-5E69-47D8-A66B-3FF26701B378}.Debug|Any CPU.ActiveCfg = Debug|Any CPU
		{7D42CD33-5E69-47D8-A66B-3FF26701B378}.Debug|Any CPU.Build.0 = Debug|Any CPU
		{7D42CD33-5E69-47D8-A66B-3FF26701B378}.Debug|x64.ActiveCfg = Debug|Any CPU
		{7D42CD33-5E69-47D8-A66B-3FF26701B378}.Debug|x64.Build.0 = Debug|Any CPU
		{7D42CD33-5E69-47D8-A66B-3FF26701B378}.Debug|x86.ActiveCfg = Debug|Any CPU
		{7D42CD33-5E69-47D8-A66B-3FF26701B378}.Debug|x86.Build.0 = Debug|Any CPU
		{7D42CD33-5E69-47D8-A66B-3FF26701B378}.Release|Any CPU.ActiveCfg = Release|Any CPU
		{7D42CD33-5E69-47D8-A66B-3FF26701B378}.Release|Any CPU.Build.0 = Release|Any CPU
		{7D42CD33-5E69-47D8-A66B-3FF26701B378}.Release|x64.ActiveCfg = Release|Any CPU
		{7D42CD33-5E69-47D8-A66B-3FF26701B378}.Release|x64.Build.0 = Release|Any CPU
		{7D42CD33-5E69-47D8-A66B-3FF26701B378}.Release|x86.ActiveCfg = Release|Any CPU
		{7D42CD33-5E69-47D8-A66B-3FF26701B378}.Release|x86.Build.0 = Release|Any CPU
		{81D1686B-709A-46B3-B373-A630A59DC54B}.Debug|Any CPU.ActiveCfg = Debug|Any CPU
		{81D1686B-709A-46B3-B373-A630A59DC54B}.Debug|Any CPU.Build.0 = Debug|Any CPU
		{81D1686B-709A-46B3-B373-A630A59DC54B}.Debug|x64.ActiveCfg = Debug|Any CPU
		{81D1686B-709A-46B3-B373-A630A59DC54B}.Debug|x64.Build.0 = Debug|Any CPU
		{81D1686B-709A-46B3-B373-A630A59DC54B}.Debug|x86.ActiveCfg = Debug|Any CPU
		{81D1686B-709A-46B3-B373-A630A59DC54B}.Debug|x86.Build.0 = Debug|Any CPU
		{81D1686B-709A-46B3-B373-A630A59DC54B}.Release|Any CPU.ActiveCfg = Release|Any CPU
		{81D1686B-709A-46B3-B373-A630A59DC54B}.Release|Any CPU.Build.0 = Release|Any CPU
		{81D1686B-709A-46B3-B373-A630A59DC54B}.Release|x64.ActiveCfg = Release|Any CPU
		{81D1686B-709A-46B3-B373-A630A59DC54B}.Release|x64.Build.0 = Release|Any CPU
		{81D1686B-709A-46B3-B373-A630A59DC54B}.Release|x86.ActiveCfg = Release|Any CPU
		{81D1686B-709A-46B3-B373-A630A59DC54B}.Release|x86.Build.0 = Release|Any CPU
		{82D098EE-4D85-410B-91ED-63A5F5B21698}.Debug|Any CPU.ActiveCfg = Debug|Any CPU
		{82D098EE-4D85-410B-91ED-63A5F5B21698}.Debug|Any CPU.Build.0 = Debug|Any CPU
		{82D098EE-4D85-410B-91ED-63A5F5B21698}.Debug|x64.ActiveCfg = Debug|Any CPU
		{82D098EE-4D85-410B-91ED-63A5F5B21698}.Debug|x64.Build.0 = Debug|Any CPU
		{82D098EE-4D85-410B-91ED-63A5F5B21698}.Debug|x86.ActiveCfg = Debug|Any CPU
		{82D098EE-4D85-410B-91ED-63A5F5B21698}.Debug|x86.Build.0 = Debug|Any CPU
		{82D098EE-4D85-410B-91ED-63A5F5B21698}.Release|Any CPU.ActiveCfg = Release|Any CPU
		{82D098EE-4D85-410B-91ED-63A5F5B21698}.Release|Any CPU.Build.0 = Release|Any CPU
		{82D098EE-4D85-410B-91ED-63A5F5B21698}.Release|x64.ActiveCfg = Release|Any CPU
		{82D098EE-4D85-410B-91ED-63A5F5B21698}.Release|x64.Build.0 = Release|Any CPU
		{82D098EE-4D85-410B-91ED-63A5F5B21698}.Release|x86.ActiveCfg = Release|Any CPU
		{82D098EE-4D85-410B-91ED-63A5F5B21698}.Release|x86.Build.0 = Release|Any CPU
		{4DC32CCE-035D-40EF-BE53-30C0F24511ED}.Debug|Any CPU.ActiveCfg = Debug|Any CPU
		{4DC32CCE-035D-40EF-BE53-30C0F24511ED}.Debug|Any CPU.Build.0 = Debug|Any CPU
		{4DC32CCE-035D-40EF-BE53-30C0F24511ED}.Debug|x64.ActiveCfg = Debug|Any CPU
		{4DC32CCE-035D-40EF-BE53-30C0F24511ED}.Debug|x64.Build.0 = Debug|Any CPU
		{4DC32CCE-035D-40EF-BE53-30C0F24511ED}.Debug|x86.ActiveCfg = Debug|Any CPU
		{4DC32CCE-035D-40EF-BE53-30C0F24511ED}.Debug|x86.Build.0 = Debug|Any CPU
		{4DC32CCE-035D-40EF-BE53-30C0F24511ED}.Release|Any CPU.ActiveCfg = Release|Any CPU
		{4DC32CCE-035D-40EF-BE53-30C0F24511ED}.Release|Any CPU.Build.0 = Release|Any CPU
		{4DC32CCE-035D-40EF-BE53-30C0F24511ED}.Release|x64.ActiveCfg = Release|Any CPU
		{4DC32CCE-035D-40EF-BE53-30C0F24511ED}.Release|x64.Build.0 = Release|Any CPU
		{4DC32CCE-035D-40EF-BE53-30C0F24511ED}.Release|x86.ActiveCfg = Release|Any CPU
		{4DC32CCE-035D-40EF-BE53-30C0F24511ED}.Release|x86.Build.0 = Release|Any CPU
		{B360A12A-6C77-45D0-A06B-021FF35C0456}.Debug|Any CPU.ActiveCfg = Debug|Any CPU
		{B360A12A-6C77-45D0-A06B-021FF35C0456}.Debug|Any CPU.Build.0 = Debug|Any CPU
		{B360A12A-6C77-45D0-A06B-021FF35C0456}.Debug|x64.ActiveCfg = Debug|Any CPU
		{B360A12A-6C77-45D0-A06B-021FF35C0456}.Debug|x64.Build.0 = Debug|Any CPU
		{B360A12A-6C77-45D0-A06B-021FF35C0456}.Debug|x86.ActiveCfg = Debug|Any CPU
		{B360A12A-6C77-45D0-A06B-021FF35C0456}.Debug|x86.Build.0 = Debug|Any CPU
		{B360A12A-6C77-45D0-A06B-021FF35C0456}.Release|Any CPU.ActiveCfg = Release|Any CPU
		{B360A12A-6C77-45D0-A06B-021FF35C0456}.Release|Any CPU.Build.0 = Release|Any CPU
		{B360A12A-6C77-45D0-A06B-021FF35C0456}.Release|x64.ActiveCfg = Release|Any CPU
		{B360A12A-6C77-45D0-A06B-021FF35C0456}.Release|x64.Build.0 = Release|Any CPU
		{B360A12A-6C77-45D0-A06B-021FF35C0456}.Release|x86.ActiveCfg = Release|Any CPU
		{B360A12A-6C77-45D0-A06B-021FF35C0456}.Release|x86.Build.0 = Release|Any CPU
		{8A80E6CB-3AA7-4D08-ADF7-BA3252639F5C}.Debug|Any CPU.ActiveCfg = Debug|Any CPU
		{8A80E6CB-3AA7-4D08-ADF7-BA3252639F5C}.Debug|Any CPU.Build.0 = Debug|Any CPU
		{8A80E6CB-3AA7-4D08-ADF7-BA3252639F5C}.Debug|x64.ActiveCfg = Debug|Any CPU
		{8A80E6CB-3AA7-4D08-ADF7-BA3252639F5C}.Debug|x64.Build.0 = Debug|Any CPU
		{8A80E6CB-3AA7-4D08-ADF7-BA3252639F5C}.Debug|x86.ActiveCfg = Debug|Any CPU
		{8A80E6CB-3AA7-4D08-ADF7-BA3252639F5C}.Debug|x86.Build.0 = Debug|Any CPU
		{8A80E6CB-3AA7-4D08-ADF7-BA3252639F5C}.Release|Any CPU.ActiveCfg = Release|Any CPU
		{8A80E6CB-3AA7-4D08-ADF7-BA3252639F5C}.Release|Any CPU.Build.0 = Release|Any CPU
		{8A80E6CB-3AA7-4D08-ADF7-BA3252639F5C}.Release|x64.ActiveCfg = Release|Any CPU
		{8A80E6CB-3AA7-4D08-ADF7-BA3252639F5C}.Release|x64.Build.0 = Release|Any CPU
		{8A80E6CB-3AA7-4D08-ADF7-BA3252639F5C}.Release|x86.ActiveCfg = Release|Any CPU
		{8A80E6CB-3AA7-4D08-ADF7-BA3252639F5C}.Release|x86.Build.0 = Release|Any CPU
		{A7FA95DE-412D-449B-A7ED-6C54E882F357}.Debug|Any CPU.ActiveCfg = Debug|Any CPU
		{A7FA95DE-412D-449B-A7ED-6C54E882F357}.Debug|Any CPU.Build.0 = Debug|Any CPU
		{A7FA95DE-412D-449B-A7ED-6C54E882F357}.Debug|x64.ActiveCfg = Debug|Any CPU
		{A7FA95DE-412D-449B-A7ED-6C54E882F357}.Debug|x64.Build.0 = Debug|Any CPU
		{A7FA95DE-412D-449B-A7ED-6C54E882F357}.Debug|x86.ActiveCfg = Debug|Any CPU
		{A7FA95DE-412D-449B-A7ED-6C54E882F357}.Debug|x86.Build.0 = Debug|Any CPU
		{A7FA95DE-412D-449B-A7ED-6C54E882F357}.Release|Any CPU.ActiveCfg = Release|Any CPU
		{A7FA95DE-412D-449B-A7ED-6C54E882F357}.Release|Any CPU.Build.0 = Release|Any CPU
		{A7FA95DE-412D-449B-A7ED-6C54E882F357}.Release|x64.ActiveCfg = Release|Any CPU
		{A7FA95DE-412D-449B-A7ED-6C54E882F357}.Release|x64.Build.0 = Release|Any CPU
		{A7FA95DE-412D-449B-A7ED-6C54E882F357}.Release|x86.ActiveCfg = Release|Any CPU
		{A7FA95DE-412D-449B-A7ED-6C54E882F357}.Release|x86.Build.0 = Release|Any CPU
		{D71C1C44-4CB6-4297-9A24-D696F890C7BE}.Debug|Any CPU.ActiveCfg = Debug|Any CPU
		{D71C1C44-4CB6-4297-9A24-D696F890C7BE}.Debug|Any CPU.Build.0 = Debug|Any CPU
		{D71C1C44-4CB6-4297-9A24-D696F890C7BE}.Debug|x64.ActiveCfg = Debug|Any CPU
		{D71C1C44-4CB6-4297-9A24-D696F890C7BE}.Debug|x64.Build.0 = Debug|Any CPU
		{D71C1C44-4CB6-4297-9A24-D696F890C7BE}.Debug|x86.ActiveCfg = Debug|Any CPU
		{D71C1C44-4CB6-4297-9A24-D696F890C7BE}.Debug|x86.Build.0 = Debug|Any CPU
		{D71C1C44-4CB6-4297-9A24-D696F890C7BE}.Release|Any CPU.ActiveCfg = Release|Any CPU
		{D71C1C44-4CB6-4297-9A24-D696F890C7BE}.Release|Any CPU.Build.0 = Release|Any CPU
		{D71C1C44-4CB6-4297-9A24-D696F890C7BE}.Release|x64.ActiveCfg = Release|Any CPU
		{D71C1C44-4CB6-4297-9A24-D696F890C7BE}.Release|x64.Build.0 = Release|Any CPU
		{D71C1C44-4CB6-4297-9A24-D696F890C7BE}.Release|x86.ActiveCfg = Release|Any CPU
		{D71C1C44-4CB6-4297-9A24-D696F890C7BE}.Release|x86.Build.0 = Release|Any CPU
		{51957AF1-8514-42E4-AC4F-0EE957DA4C9F}.Debug|Any CPU.ActiveCfg = Debug|Any CPU
		{51957AF1-8514-42E4-AC4F-0EE957DA4C9F}.Debug|Any CPU.Build.0 = Debug|Any CPU
		{51957AF1-8514-42E4-AC4F-0EE957DA4C9F}.Debug|x64.ActiveCfg = Debug|Any CPU
		{51957AF1-8514-42E4-AC4F-0EE957DA4C9F}.Debug|x64.Build.0 = Debug|Any CPU
		{51957AF1-8514-42E4-AC4F-0EE957DA4C9F}.Debug|x86.ActiveCfg = Debug|Any CPU
		{51957AF1-8514-42E4-AC4F-0EE957DA4C9F}.Debug|x86.Build.0 = Debug|Any CPU
		{51957AF1-8514-42E4-AC4F-0EE957DA4C9F}.Release|Any CPU.ActiveCfg = Release|Any CPU
		{51957AF1-8514-42E4-AC4F-0EE957DA4C9F}.Release|Any CPU.Build.0 = Release|Any CPU
		{51957AF1-8514-42E4-AC4F-0EE957DA4C9F}.Release|x64.ActiveCfg = Release|Any CPU
		{51957AF1-8514-42E4-AC4F-0EE957DA4C9F}.Release|x64.Build.0 = Release|Any CPU
		{51957AF1-8514-42E4-AC4F-0EE957DA4C9F}.Release|x86.ActiveCfg = Release|Any CPU
		{51957AF1-8514-42E4-AC4F-0EE957DA4C9F}.Release|x86.Build.0 = Release|Any CPU
		{0E2552FD-0562-4E76-8307-C78683FCDCA8}.Debug|Any CPU.ActiveCfg = Debug|Any CPU
		{0E2552FD-0562-4E76-8307-C78683FCDCA8}.Debug|Any CPU.Build.0 = Debug|Any CPU
		{0E2552FD-0562-4E76-8307-C78683FCDCA8}.Debug|x64.ActiveCfg = Debug|Any CPU
		{0E2552FD-0562-4E76-8307-C78683FCDCA8}.Debug|x64.Build.0 = Debug|Any CPU
		{0E2552FD-0562-4E76-8307-C78683FCDCA8}.Debug|x86.ActiveCfg = Debug|Any CPU
		{0E2552FD-0562-4E76-8307-C78683FCDCA8}.Debug|x86.Build.0 = Debug|Any CPU
		{0E2552FD-0562-4E76-8307-C78683FCDCA8}.Release|Any CPU.ActiveCfg = Release|Any CPU
		{0E2552FD-0562-4E76-8307-C78683FCDCA8}.Release|Any CPU.Build.0 = Release|Any CPU
		{0E2552FD-0562-4E76-8307-C78683FCDCA8}.Release|x64.ActiveCfg = Release|Any CPU
		{0E2552FD-0562-4E76-8307-C78683FCDCA8}.Release|x64.Build.0 = Release|Any CPU
		{0E2552FD-0562-4E76-8307-C78683FCDCA8}.Release|x86.ActiveCfg = Release|Any CPU
		{0E2552FD-0562-4E76-8307-C78683FCDCA8}.Release|x86.Build.0 = Release|Any CPU
	EndGlobalSection
	GlobalSection(SolutionProperties) = preSolution
		HideSolutionNode = FALSE
	EndGlobalSection
	GlobalSection(NestedProjects) = preSolution
		{D9BE8BD6-1267-4833-BF51-5366ED4DF896} = {F489DF8A-0595-4CD7-96C5-E93086FB2244}
		{7D42CD33-5E69-47D8-A66B-3FF26701B378} = {D9BE8BD6-1267-4833-BF51-5366ED4DF896}
		{81D1686B-709A-46B3-B373-A630A59DC54B} = {5D2874E6-91EC-497E-A823-B94BDFD3CC16}
		{8C5B47A6-BB6E-4DF0-9938-333FE3069F35} = {F489DF8A-0595-4CD7-96C5-E93086FB2244}
		{82D098EE-4D85-410B-91ED-63A5F5B21698} = {8C5B47A6-BB6E-4DF0-9938-333FE3069F35}
		{A0B7B354-9DB3-6B75-0958-F1624C4626A5} = {F489DF8A-0595-4CD7-96C5-E93086FB2244}
		{4DC32CCE-035D-40EF-BE53-30C0F24511ED} = {A0B7B354-9DB3-6B75-0958-F1624C4626A5}
		{D3943590-12F4-894B-D5FB-009A31D043AE} = {F489DF8A-0595-4CD7-96C5-E93086FB2244}
		{B360A12A-6C77-45D0-A06B-021FF35C0456} = {D3943590-12F4-894B-D5FB-009A31D043AE}
		{8A80E6CB-3AA7-4D08-ADF7-BA3252639F5C} = {D3943590-12F4-894B-D5FB-009A31D043AE}
		{A7FA95DE-412D-449B-A7ED-6C54E882F357} = {D3943590-12F4-894B-D5FB-009A31D043AE}
		{D71C1C44-4CB6-4297-9A24-D696F890C7BE} = {D3943590-12F4-894B-D5FB-009A31D043AE}
		{51957AF1-8514-42E4-AC4F-0EE957DA4C9F} = {5D2874E6-91EC-497E-A823-B94BDFD3CC16}
		{0E2552FD-0562-4E76-8307-C78683FCDCA8} = {63C16073-564C-48D8-AEBE-EDC0478F0D47}
	EndGlobalSection
EndGlobal
